{
  "sources": {
    "property_file_test": {
      "path": "."
    },
    "jetty": {
      "locked_version": "0.1.2"
    },
    "property_file": {
      "locked_version": "0.0.1",
      "git": "https://github.com/mikesplain/property_file_cookbook",
      "ref": "03be5ea14a7dad7787ae3ae2ec0b7ee82c55f69b"
    },
    "java": {
      "locked_version": "1.14.0"
    },
    "windows": {
      "locked_version": "1.11.0"
    },
    "chef_handler": {
      "locked_version": "1.1.4"
    },
    "aws": {
      "locked_version": "0.101.6"
    },
    "jpackage": {
      "locked_version": "1.0.2"
    },
    "openssl": {
      "locked_version": "1.1.0"
    }
  }
}
